// !$*UTF8*$!
{
	archiveVersion = 1;
	classes = {
	};
	objectVersion = 55;
	objects = {

/* Begin PBXBuildFile section */
		BF0408352982586300F1129B /* FeedController.swift in Sources */ = {isa = PBXBuildFile; fileRef = BF0408342982586300F1129B /* FeedController.swift */; };
		BF0408372982588B00F1129B /* ExploreController.swift in Sources */ = {isa = PBXBuildFile; fileRef = BF0408362982588B00F1129B /* ExploreController.swift */; };
		BF040839298258B200F1129B /* ConversationsController.swift in Sources */ = {isa = PBXBuildFile; fileRef = BF040838298258B200F1129B /* ConversationsController.swift */; };
		BF04083B298258BE00F1129B /* NotificationsController.swift in Sources */ = {isa = PBXBuildFile; fileRef = BF04083A298258BE00F1129B /* NotificationsController.swift */; };
		BF0408422986743B00F1129B /* Extensions.swift in Sources */ = {isa = PBXBuildFile; fileRef = BF0408412986743B00F1129B /* Extensions.swift */; };
		BF040845298683A800F1129B /* LoginController.swift in Sources */ = {isa = PBXBuildFile; fileRef = BF040844298683A800F1129B /* LoginController.swift */; };
		BF040847298683F200F1129B /* RegistrationController.swift in Sources */ = {isa = PBXBuildFile; fileRef = BF040846298683F200F1129B /* RegistrationController.swift */; };
		BF04085D2986D1F100F1129B /* Utilities.swift in Sources */ = {isa = PBXBuildFile; fileRef = BF04085C2986D1F100F1129B /* Utilities.swift */; };
		BF040872298805D200F1129B /* FirebaseAnalytics in Frameworks */ = {isa = PBXBuildFile; productRef = BF040871298805D200F1129B /* FirebaseAnalytics */; };
		BF040874298805D200F1129B /* FirebaseAuth in Frameworks */ = {isa = PBXBuildFile; productRef = BF040873298805D200F1129B /* FirebaseAuth */; };
		BF040876298805D200F1129B /* FirebaseDatabase in Frameworks */ = {isa = PBXBuildFile; productRef = BF040875298805D200F1129B /* FirebaseDatabase */; };
		BF040878298805D200F1129B /* FirebaseFirestore in Frameworks */ = {isa = PBXBuildFile; productRef = BF040877298805D200F1129B /* FirebaseFirestore */; };
		BF04087A298805D200F1129B /* FirebaseStorage in Frameworks */ = {isa = PBXBuildFile; productRef = BF040879298805D200F1129B /* FirebaseStorage */; };
		BF04087C2988061100F1129B /* GoogleService-Info.plist in Resources */ = {isa = PBXBuildFile; fileRef = BF04087B2988061100F1129B /* GoogleService-Info.plist */; };
		BFE9E69428979F85003E5430 /* AppDelegate.swift in Sources */ = {isa = PBXBuildFile; fileRef = BFE9E69328979F85003E5430 /* AppDelegate.swift */; };
		BFE9E69628979F85003E5430 /* SceneDelegate.swift in Sources */ = {isa = PBXBuildFile; fileRef = BFE9E69528979F85003E5430 /* SceneDelegate.swift */; };
		BFE9E69B28979F85003E5430 /* Main.storyboard in Resources */ = {isa = PBXBuildFile; fileRef = BFE9E69928979F85003E5430 /* Main.storyboard */; };
		BFE9E69D28979F87003E5430 /* Assets.xcassets in Resources */ = {isa = PBXBuildFile; fileRef = BFE9E69C28979F87003E5430 /* Assets.xcassets */; };
		BFE9E6A028979F87003E5430 /* LaunchScreen.storyboard in Resources */ = {isa = PBXBuildFile; fileRef = BFE9E69E28979F87003E5430 /* LaunchScreen.storyboard */; };
		BFE9E6B02897A02D003E5430 /* MainTabController.swift in Sources */ = {isa = PBXBuildFile; fileRef = BFE9E6AF2897A02D003E5430 /* MainTabController.swift */; };
/* End PBXBuildFile section */

/* Begin PBXFileReference section */
		BF0408342982586300F1129B /* FeedController.swift */ = {isa = PBXFileReference; lastKnownFileType = sourcecode.swift; path = FeedController.swift; sourceTree = "<group>"; };
		BF0408362982588B00F1129B /* ExploreController.swift */ = {isa = PBXFileReference; lastKnownFileType = sourcecode.swift; path = ExploreController.swift; sourceTree = "<group>"; };
		BF040838298258B200F1129B /* ConversationsController.swift */ = {isa = PBXFileReference; lastKnownFileType = sourcecode.swift; path = ConversationsController.swift; sourceTree = "<group>"; };
		BF04083A298258BE00F1129B /* NotificationsController.swift */ = {isa = PBXFileReference; lastKnownFileType = sourcecode.swift; path = NotificationsController.swift; sourceTree = "<group>"; };
		BF0408412986743B00F1129B /* Extensions.swift */ = {isa = PBXFileReference; lastKnownFileType = sourcecode.swift; path = Extensions.swift; sourceTree = "<group>"; };
		BF040844298683A800F1129B /* LoginController.swift */ = {isa = PBXFileReference; lastKnownFileType = sourcecode.swift; path = LoginController.swift; sourceTree = "<group>"; };
		BF040846298683F200F1129B /* RegistrationController.swift */ = {isa = PBXFileReference; lastKnownFileType = sourcecode.swift; path = RegistrationController.swift; sourceTree = "<group>"; };
		BF04085C2986D1F100F1129B /* Utilities.swift */ = {isa = PBXFileReference; fileEncoding = 4; lastKnownFileType = sourcecode.swift; path = Utilities.swift; sourceTree = "<group>"; };
		BF04087B2988061100F1129B /* GoogleService-Info.plist */ = {isa = PBXFileReference; fileEncoding = 4; lastKnownFileType = text.plist.xml; path = "GoogleService-Info.plist"; sourceTree = "<group>"; };
		BFE9E69028979F85003E5430 /* TwitterClone.app */ = {isa = PBXFileReference; explicitFileType = wrapper.application; includeInIndex = 0; path = TwitterClone.app; sourceTree = BUILT_PRODUCTS_DIR; };
		BFE9E69328979F85003E5430 /* AppDelegate.swift */ = {isa = PBXFileReference; lastKnownFileType = sourcecode.swift; path = AppDelegate.swift; sourceTree = "<group>"; };
		BFE9E69528979F85003E5430 /* SceneDelegate.swift */ = {isa = PBXFileReference; lastKnownFileType = sourcecode.swift; path = SceneDelegate.swift; sourceTree = "<group>"; };
		BFE9E69A28979F85003E5430 /* Base */ = {isa = PBXFileReference; lastKnownFileType = file.storyboard; name = Base; path = Base.lproj/Main.storyboard; sourceTree = "<group>"; };
		BFE9E69C28979F87003E5430 /* Assets.xcassets */ = {isa = PBXFileReference; lastKnownFileType = folder.assetcatalog; path = Assets.xcassets; sourceTree = "<group>"; };
		BFE9E69F28979F87003E5430 /* Base */ = {isa = PBXFileReference; lastKnownFileType = file.storyboard; name = Base; path = Base.lproj/LaunchScreen.storyboard; sourceTree = "<group>"; };
		BFE9E6A128979F87003E5430 /* Info.plist */ = {isa = PBXFileReference; lastKnownFileType = text.plist.xml; path = Info.plist; sourceTree = "<group>"; };
		BFE9E6AF2897A02D003E5430 /* MainTabController.swift */ = {isa = PBXFileReference; lastKnownFileType = sourcecode.swift; path = MainTabController.swift; sourceTree = "<group>"; };
/* End PBXFileReference section */

/* Begin PBXFrameworksBuildPhase section */
		BFE9E68D28979F85003E5430 /* Frameworks */ = {
			isa = PBXFrameworksBuildPhase;
			buildActionMask = 2147483647;
			files = (
				BF040876298805D200F1129B /* FirebaseDatabase in Frameworks */,
				BF040878298805D200F1129B /* FirebaseFirestore in Frameworks */,
				BF040872298805D200F1129B /* FirebaseAnalytics in Frameworks */,
				BF04087A298805D200F1129B /* FirebaseStorage in Frameworks */,
				BF040874298805D200F1129B /* FirebaseAuth in Frameworks */,
			);
			runOnlyForDeploymentPostprocessing = 0;
		};
/* End PBXFrameworksBuildPhase section */

/* Begin PBXGroup section */
		BF0408432986839300F1129B /* Authentication */ = {
			isa = PBXGroup;
			children = (
				BF040844298683A800F1129B /* LoginController.swift */,
				BF040846298683F200F1129B /* RegistrationController.swift */,
			);
			path = Authentication;
			sourceTree = "<group>";
		};
		BFE9E68728979F85003E5430 = {
			isa = PBXGroup;
			children = (
				BFE9E69228979F85003E5430 /* TwitterClone */,
				BFE9E69128979F85003E5430 /* Products */,
			);
			sourceTree = "<group>";
		};
		BFE9E69128979F85003E5430 /* Products */ = {
			isa = PBXGroup;
			children = (
				BFE9E69028979F85003E5430 /* TwitterClone.app */,
			);
			name = Products;
			sourceTree = "<group>";
		};
		BFE9E69228979F85003E5430 /* TwitterClone */ = {
			isa = PBXGroup;
			children = (
				BFE9E6AC28979FB6003E5430 /* Model */,
				BFE9E6AB28979FB2003E5430 /* View */,
				BFE9E6AE28979FD3003E5430 /* ViewModel */,
				BFE9E6AD28979FD1003E5430 /* Controller */,
				BFE9E6A828979FA0003E5430 /* API */,
				BFE9E6A728979F9D003E5430 /* Utils */,
				BFE9E69328979F85003E5430 /* AppDelegate.swift */,
				BFE9E69528979F85003E5430 /* SceneDelegate.swift */,
				BFE9E69928979F85003E5430 /* Main.storyboard */,
				BFE9E69C28979F87003E5430 /* Assets.xcassets */,
				BFE9E69E28979F87003E5430 /* LaunchScreen.storyboard */,
				BF04087B2988061100F1129B /* GoogleService-Info.plist */,
				BFE9E6A128979F87003E5430 /* Info.plist */,
			);
			path = TwitterClone;
			sourceTree = "<group>";
		};
		BFE9E6A728979F9D003E5430 /* Utils */ = {
			isa = PBXGroup;
			children = (
				BF0408412986743B00F1129B /* Extensions.swift */,
				BF04085C2986D1F100F1129B /* Utilities.swift */,
			);
			path = Utils;
			sourceTree = "<group>";
		};
		BFE9E6A828979FA0003E5430 /* API */ = {
			isa = PBXGroup;
			children = (
			);
			path = API;
			sourceTree = "<group>";
		};
		BFE9E6AB28979FB2003E5430 /* View */ = {
			isa = PBXGroup;
			children = (
			);
			path = View;
			sourceTree = "<group>";
		};
		BFE9E6AC28979FB6003E5430 /* Model */ = {
			isa = PBXGroup;
			children = (
			);
			path = Model;
			sourceTree = "<group>";
		};
		BFE9E6AD28979FD1003E5430 /* Controller */ = {
			isa = PBXGroup;
			children = (
				BF0408432986839300F1129B /* Authentication */,
				BFE9E6AF2897A02D003E5430 /* MainTabController.swift */,
				BF0408342982586300F1129B /* FeedController.swift */,
				BF04083A298258BE00F1129B /* NotificationsController.swift */,
				BF0408362982588B00F1129B /* ExploreController.swift */,
				BF040838298258B200F1129B /* ConversationsController.swift */,
			);
			path = Controller;
			sourceTree = "<group>";
		};
		BFE9E6AE28979FD3003E5430 /* ViewModel */ = {
			isa = PBXGroup;
			children = (
			);
			path = ViewModel;
			sourceTree = "<group>";
		};
/* End PBXGroup section */

/* Begin PBXNativeTarget section */
		BFE9E68F28979F85003E5430 /* TwitterClone */ = {
			isa = PBXNativeTarget;
			buildConfigurationList = BFE9E6A428979F87003E5430 /* Build configuration list for PBXNativeTarget "TwitterClone" */;
			buildPhases = (
				BFE9E68C28979F85003E5430 /* Sources */,
				BFE9E68D28979F85003E5430 /* Frameworks */,
				BFE9E68E28979F85003E5430 /* Resources */,
			);
			buildRules = (
			);
			dependencies = (
			);
			name = TwitterClone;
			packageProductDependencies = (
				BF040871298805D200F1129B /* FirebaseAnalytics */,
				BF040873298805D200F1129B /* FirebaseAuth */,
				BF040875298805D200F1129B /* FirebaseDatabase */,
				BF040877298805D200F1129B /* FirebaseFirestore */,
				BF040879298805D200F1129B /* FirebaseStorage */,
			);
			productName = TwitterClone;
			productReference = BFE9E69028979F85003E5430 /* TwitterClone.app */;
			productType = "com.apple.product-type.application";
		};
/* End PBXNativeTarget section */

/* Begin PBXProject section */
		BFE9E68828979F85003E5430 /* Project object */ = {
			isa = PBXProject;
			attributes = {
				BuildIndependentTargetsInParallel = 1;
				LastSwiftUpdateCheck = 1340;
				LastUpgradeCheck = 1340;
				TargetAttributes = {
					BFE9E68F28979F85003E5430 = {
						CreatedOnToolsVersion = 13.4.1;
					};
				};
			};
			buildConfigurationList = BFE9E68B28979F85003E5430 /* Build configuration list for PBXProject "TwitterClone" */;
			compatibilityVersion = "Xcode 13.0";
			developmentRegion = en;
			hasScannedForEncodings = 0;
			knownRegions = (
				en,
				Base,
			);
			mainGroup = BFE9E68728979F85003E5430;
			packageReferences = (
				BF040870298805D200F1129B /* XCRemoteSwiftPackageReference "firebase-ios-sdk" */,
			);
			productRefGroup = BFE9E69128979F85003E5430 /* Products */;
			projectDirPath = "";
			projectRoot = "";
			targets = (
				BFE9E68F28979F85003E5430 /* TwitterClone */,
			);
		};
/* End PBXProject section */

/* Begin PBXResourcesBuildPhase section */
		BFE9E68E28979F85003E5430 /* Resources */ = {
			isa = PBXResourcesBuildPhase;
			buildActionMask = 2147483647;
			files = (
				BFE9E6A028979F87003E5430 /* LaunchScreen.storyboard in Resources */,
				BF04087C2988061100F1129B /* GoogleService-Info.plist in Resources */,
				BFE9E69D28979F87003E5430 /* Assets.xcassets in Resources */,
				BFE9E69B28979F85003E5430 /* Main.storyboard in Resources */,
			);
			runOnlyForDeploymentPostprocessing = 0;
		};
/* End PBXResourcesBuildPhase section */

/* Begin PBXSourcesBuildPhase section */
		BFE9E68C28979F85003E5430 /* Sources */ = {
			isa = PBXSourcesBuildPhase;
			buildActionMask = 2147483647;
			files = (
				BFE9E69428979F85003E5430 /* AppDelegate.swift in Sources */,
				BF0408372982588B00F1129B /* ExploreController.swift in Sources */,
				BF04085D2986D1F100F1129B /* Utilities.swift in Sources */,
				BFE9E69628979F85003E5430 /* SceneDelegate.swift in Sources */,
				BF0408422986743B00F1129B /* Extensions.swift in Sources */,
				BF040845298683A800F1129B /* LoginController.swift in Sources */,
				BF04083B298258BE00F1129B /* NotificationsController.swift in Sources */,
				BFE9E6B02897A02D003E5430 /* MainTabController.swift in Sources */,
				BF040839298258B200F1129B /* ConversationsController.swift in Sources */,
				BF040847298683F200F1129B /* RegistrationController.swift in Sources */,
				BF0408352982586300F1129B /* FeedController.swift in Sources */,
			);
			runOnlyForDeploymentPostprocessing = 0;
		};
/* End PBXSourcesBuildPhase section */

/* Begin PBXVariantGroup section */
		BFE9E69928979F85003E5430 /* Main.storyboard */ = {
			isa = PBXVariantGroup;
			children = (
				BFE9E69A28979F85003E5430 /* Base */,
			);
			name = Main.storyboard;
			sourceTree = "<group>";
		};
		BFE9E69E28979F87003E5430 /* LaunchScreen.storyboard */ = {
			isa = PBXVariantGroup;
			children = (
				BFE9E69F28979F87003E5430 /* Base */,
			);
			name = LaunchScreen.storyboard;
			sourceTree = "<group>";
		};
/* End PBXVariantGroup section */

/* Begin XCBuildConfiguration section */
		BFE9E6A228979F87003E5430 /* Debug */ = {
			isa = XCBuildConfiguration;
			buildSettings = {
				ALWAYS_SEARCH_USER_PATHS = NO;
				CLANG_ANALYZER_NONNULL = YES;
				CLANG_ANALYZER_NUMBER_OBJECT_CONVERSION = YES_AGGRESSIVE;
				CLANG_CXX_LANGUAGE_STANDARD = "gnu++17";
				CLANG_ENABLE_MODULES = YES;
				CLANG_ENABLE_OBJC_ARC = YES;
				CLANG_ENABLE_OBJC_WEAK = YES;
				CLANG_WARN_BLOCK_CAPTURE_AUTORELEASING = YES;
				CLANG_WARN_BOOL_CONVERSION = YES;
				CLANG_WARN_COMMA = YES;
				CLANG_WARN_CONSTANT_CONVERSION = YES;
				CLANG_WARN_DEPRECATED_OBJC_IMPLEMENTATIONS = YES;
				CLANG_WARN_DIRECT_OBJC_ISA_USAGE = YES_ERROR;
				CLANG_WARN_DOCUMENTATION_COMMENTS = YES;
				CLANG_WARN_EMPTY_BODY = YES;
				CLANG_WARN_ENUM_CONVERSION = YES;
				CLANG_WARN_INFINITE_RECURSION = YES;
				CLANG_WARN_INT_CONVERSION = YES;
				CLANG_WARN_NON_LITERAL_NULL_CONVERSION = YES;
				CLANG_WARN_OBJC_IMPLICIT_RETAIN_SELF = YES;
				CLANG_WARN_OBJC_LITERAL_CONVERSION = YES;
				CLANG_WARN_OBJC_ROOT_CLASS = YES_ERROR;
				CLANG_WARN_QUOTED_INCLUDE_IN_FRAMEWORK_HEADER = YES;
				CLANG_WARN_RANGE_LOOP_ANALYSIS = YES;
				CLANG_WARN_STRICT_PROTOTYPES = YES;
				CLANG_WARN_SUSPICIOUS_MOVE = YES;
				CLANG_WARN_UNGUARDED_AVAILABILITY = YES_AGGRESSIVE;
				CLANG_WARN_UNREACHABLE_CODE = YES;
				CLANG_WARN__DUPLICATE_METHOD_MATCH = YES;
				COPY_PHASE_STRIP = NO;
				DEBUG_INFORMATION_FORMAT = dwarf;
				ENABLE_STRICT_OBJC_MSGSEND = YES;
				ENABLE_TESTABILITY = YES;
				GCC_C_LANGUAGE_STANDARD = gnu11;
				GCC_DYNAMIC_NO_PIC = NO;
				GCC_NO_COMMON_BLOCKS = YES;
				GCC_OPTIMIZATION_LEVEL = 0;
				GCC_PREPROCESSOR_DEFINITIONS = (
					"DEBUG=1",
					"$(inherited)",
				);
				GCC_WARN_64_TO_32_BIT_CONVERSION = YES;
				GCC_WARN_ABOUT_RETURN_TYPE = YES_ERROR;
				GCC_WARN_UNDECLARED_SELECTOR = YES;
				GCC_WARN_UNINITIALIZED_AUTOS = YES_AGGRESSIVE;
				GCC_WARN_UNUSED_FUNCTION = YES;
				GCC_WARN_UNUSED_VARIABLE = YES;
				IPHONEOS_DEPLOYMENT_TARGET = 15.5;
				MTL_ENABLE_DEBUG_INFO = INCLUDE_SOURCE;
				MTL_FAST_MATH = YES;
				ONLY_ACTIVE_ARCH = YES;
				SDKROOT = iphoneos;
				SWIFT_ACTIVE_COMPILATION_CONDITIONS = DEBUG;
				SWIFT_OPTIMIZATION_LEVEL = "-Onone";
			};
			name = Debug;
		};
		BFE9E6A328979F87003E5430 /* Release */ = {
			isa = XCBuildConfiguration;
			buildSettings = {
				ALWAYS_SEARCH_USER_PATHS = NO;
				CLANG_ANALYZER_NONNULL = YES;
				CLANG_ANALYZER_NUMBER_OBJECT_CONVERSION = YES_AGGRESSIVE;
				CLANG_CXX_LANGUAGE_STANDARD = "gnu++17";
				CLANG_ENABLE_MODULES = YES;
				CLANG_ENABLE_OBJC_ARC = YES;
				CLANG_ENABLE_OBJC_WEAK = YES;
				CLANG_WARN_BLOCK_CAPTURE_AUTORELEASING = YES;
				CLANG_WARN_BOOL_CONVERSION = YES;
				CLANG_WARN_COMMA = YES;
				CLANG_WARN_CONSTANT_CONVERSION = YES;
				CLANG_WARN_DEPRECATED_OBJC_IMPLEMENTATIONS = YES;
				CLANG_WARN_DIRECT_OBJC_ISA_USAGE = YES_ERROR;
				CLANG_WARN_DOCUMENTATION_COMMENTS = YES;
				CLANG_WARN_EMPTY_BODY = YES;
				CLANG_WARN_ENUM_CONVERSION = YES;
				CLANG_WARN_INFINITE_RECURSION = YES;
				CLANG_WARN_INT_CONVERSION = YES;
				CLANG_WARN_NON_LITERAL_NULL_CONVERSION = YES;
				CLANG_WARN_OBJC_IMPLICIT_RETAIN_SELF = YES;
				CLANG_WARN_OBJC_LITERAL_CONVERSION = YES;
				CLANG_WARN_OBJC_ROOT_CLASS = YES_ERROR;
				CLANG_WARN_QUOTED_INCLUDE_IN_FRAMEWORK_HEADER = YES;
				CLANG_WARN_RANGE_LOOP_ANALYSIS = YES;
				CLANG_WARN_STRICT_PROTOTYPES = YES;
				CLANG_WARN_SUSPICIOUS_MOVE = YES;
				CLANG_WARN_UNGUARDED_AVAILABILITY = YES_AGGRESSIVE;
				CLANG_WARN_UNREACHABLE_CODE = YES;
				CLANG_WARN__DUPLICATE_METHOD_MATCH = YES;
				COPY_PHASE_STRIP = NO;
				DEBUG_INFORMATION_FORMAT = "dwarf-with-dsym";
				ENABLE_NS_ASSERTIONS = NO;
				ENABLE_STRICT_OBJC_MSGSEND = YES;
				GCC_C_LANGUAGE_STANDARD = gnu11;
				GCC_NO_COMMON_BLOCKS = YES;
				GCC_WARN_64_TO_32_BIT_CONVERSION = YES;
				GCC_WARN_ABOUT_RETURN_TYPE = YES_ERROR;
				GCC_WARN_UNDECLARED_SELECTOR = YES;
				GCC_WARN_UNINITIALIZED_AUTOS = YES_AGGRESSIVE;
				GCC_WARN_UNUSED_FUNCTION = YES;
				GCC_WARN_UNUSED_VARIABLE = YES;
				IPHONEOS_DEPLOYMENT_TARGET = 15.5;
				MTL_ENABLE_DEBUG_INFO = NO;
				MTL_FAST_MATH = YES;
				SDKROOT = iphoneos;
				SWIFT_COMPILATION_MODE = wholemodule;
				SWIFT_OPTIMIZATION_LEVEL = "-O";
				VALIDATE_PRODUCT = YES;
			};
			name = Release;
		};
		BFE9E6A528979F87003E5430 /* Debug */ = {
			isa = XCBuildConfiguration;
			buildSettings = {
				ASSETCATALOG_COMPILER_APPICON_NAME = AppIcon;
				ASSETCATALOG_COMPILER_GLOBAL_ACCENT_COLOR_NAME = AccentColor;
				CODE_SIGN_STYLE = Automatic;
				CURRENT_PROJECT_VERSION = 1;
				DEVELOPMENT_TEAM = 7D5PZJWQ9T;
				GENERATE_INFOPLIST_FILE = YES;
				INFOPLIST_FILE = TwitterClone/Info.plist;
				INFOPLIST_KEY_UIApplicationSupportsIndirectInputEvents = YES;
				INFOPLIST_KEY_UILaunchStoryboardName = LaunchScreen;
				INFOPLIST_KEY_UIMainStoryboardFile = Main;
				INFOPLIST_KEY_UISupportedInterfaceOrientations_iPad = "UIInterfaceOrientationPortrait UIInterfaceOrientationPortraitUpsideDown UIInterfaceOrientationLandscapeLeft UIInterfaceOrientationLandscapeRight";
				INFOPLIST_KEY_UISupportedInterfaceOrientations_iPhone = "UIInterfaceOrientationPortrait UIInterfaceOrientationLandscapeLeft UIInterfaceOrientationLandscapeRight";
				LD_RUNPATH_SEARCH_PATHS = (
					"$(inherited)",
					"@executable_path/Frameworks",
				);
				MARKETING_VERSION = 1.0;
				PRODUCT_BUNDLE_IDENTIFIER = cnu.cse.dayo2n.TwitterClone;
				PRODUCT_NAME = "$(TARGET_NAME)";
				SWIFT_EMIT_LOC_STRINGS = YES;
				SWIFT_VERSION = 5.0;
				TARGETED_DEVICE_FAMILY = "1,2";
			};
			name = Debug;
		};
		BFE9E6A628979F87003E5430 /* Release */ = {
			isa = XCBuildConfiguration;
			buildSettings = {
				ASSETCATALOG_COMPILER_APPICON_NAME = AppIcon;
				ASSETCATALOG_COMPILER_GLOBAL_ACCENT_COLOR_NAME = AccentColor;
				CODE_SIGN_STYLE = Automatic;
				CURRENT_PROJECT_VERSION = 1;
				DEVELOPMENT_TEAM = 7D5PZJWQ9T;
				GENERATE_INFOPLIST_FILE = YES;
				INFOPLIST_FILE = TwitterClone/Info.plist;
				INFOPLIST_KEY_UIApplicationSupportsIndirectInputEvents = YES;
				INFOPLIST_KEY_UILaunchStoryboardName = LaunchScreen;
				INFOPLIST_KEY_UIMainStoryboardFile = Main;
				INFOPLIST_KEY_UISupportedInterfaceOrientations_iPad = "UIInterfaceOrientationPortrait UIInterfaceOrientationPortraitUpsideDown UIInterfaceOrientationLandscapeLeft UIInterfaceOrientationLandscapeRight";
				INFOPLIST_KEY_UISupportedInterfaceOrientations_iPhone = "UIInterfaceOrientationPortrait UIInterfaceOrientationLandscapeLeft UIInterfaceOrientationLandscapeRight";
				LD_RUNPATH_SEARCH_PATHS = (
					"$(inherited)",
					"@executable_path/Frameworks",
				);
				MARKETING_VERSION = 1.0;
				PRODUCT_BUNDLE_IDENTIFIER = cnu.cse.dayo2n.TwitterClone;
				PRODUCT_NAME = "$(TARGET_NAME)";
				SWIFT_EMIT_LOC_STRINGS = YES;
				SWIFT_VERSION = 5.0;
				TARGETED_DEVICE_FAMILY = "1,2";
			};
			name = Release;
		};
/* End XCBuildConfiguration section */

/* Begin XCConfigurationList section */
		BFE9E68B28979F85003E5430 /* Build configuration list for PBXProject "TwitterClone" */ = {
			isa = XCConfigurationList;
			buildConfigurations = (
				BFE9E6A228979F87003E5430 /* Debug */,
				BFE9E6A328979F87003E5430 /* Release */,
			);
			defaultConfigurationIsVisible = 0;
			defaultConfigurationName = Release;
		};
		BFE9E6A428979F87003E5430 /* Build configuration list for PBXNativeTarget "TwitterClone" */ = {
			isa = XCConfigurationList;
			buildConfigurations = (
				BFE9E6A528979F87003E5430 /* Debug */,
				BFE9E6A628979F87003E5430 /* Release */,
			);
			defaultConfigurationIsVisible = 0;
			defaultConfigurationName = Release;
		};
/* End XCConfigurationList section */

/* Begin XCRemoteSwiftPackageReference section */
		BF040870298805D200F1129B /* XCRemoteSwiftPackageReference "firebase-ios-sdk" */ = {
			isa = XCRemoteSwiftPackageReference;
			repositoryURL = "https://github.com/firebase/firebase-ios-sdk.git";
			requirement = {
				branch = master;
				kind = branch;
			};
		};
/* End XCRemoteSwiftPackageReference section */

/* Begin XCSwiftPackageProductDependency section */
		BF040871298805D200F1129B /* FirebaseAnalytics */ = {
			isa = XCSwiftPackageProductDependency;
			package = BF040870298805D200F1129B /* XCRemoteSwiftPackageReference "firebase-ios-sdk" */;
			productName = FirebaseAnalytics;
		};
		BF040873298805D200F1129B /* FirebaseAuth */ = {
			isa = XCSwiftPackageProductDependency;
			package = BF040870298805D200F1129B /* XCRemoteSwiftPackageReference "firebase-ios-sdk" */;
			productName = FirebaseAuth;
		};
		BF040875298805D200F1129B /* FirebaseDatabase */ = {
			isa = XCSwiftPackageProductDependency;
			package = BF040870298805D200F1129B /* XCRemoteSwiftPackageReference "firebase-ios-sdk" */;
			productName = FirebaseDatabase;
		};
		BF040877298805D200F1129B /* FirebaseFirestore */ = {
			isa = XCSwiftPackageProductDependency;
			package = BF040870298805D200F1129B /* XCRemoteSwiftPackageReference "firebase-ios-sdk" */;
			productName = FirebaseFirestore;
		};
		BF040879298805D200F1129B /* FirebaseStorage */ = {
			isa = XCSwiftPackageProductDependency;
			package = BF040870298805D200F1129B /* XCRemoteSwiftPackageReference "firebase-ios-sdk" */;
			productName = FirebaseStorage;
		};
/* End XCSwiftPackageProductDependency section */
	};
	rootObject = BFE9E68828979F85003E5430 /* Project object */;
}
